
Microsoft Visual Studio Solution File, Format Version 12.00
# Visual Studio Version 17
VisualStudioVersion = 17.2.32616.157
MinimumVisualStudioVersion = 10.0.40219.1
Project("{9A19103F-16F7-4668-BE54-9A1E7A4F7556}") = "AdventOfCode", "source\AdventOfCode\AdventOfCode.csproj", "{5D8AC52A-BB51-4350-A2F0-B1B2041076E0}"
EndProject
Project("{9A19103F-16F7-4668-BE54-9A1E7A4F7556}") = "AdventOfCode.Shared", "source\AdventOfCode.Shared\AdventOfCode.Shared.csproj", "{B232FAFB-322E-46C0-A369-315635E15142}"
EndProject
Project("{9A19103F-16F7-4668-BE54-9A1E7A4F7556}") = "AdventOfCode.Year2015", "source\AdventOfCode.Year2015\AdventOfCode.Year2015.csproj", "{B2EB3B74-B4DC-4570-A9F9-B1BCB3F5E90D}"
EndProject
Project("{2150E333-8FDC-42A3-9474-1A3956D46DE8}") = "Tests", "Tests", "{2573ECE4-3D36-4424-B69B-34038BBF688B}"
	ProjectSection(SolutionItems) = preProject
		tests\Directory.Build.props = tests\Directory.Build.props
		tests\Usings.cs = tests\Usings.cs
	EndProjectSection
EndProject
Project("{9A19103F-16F7-4668-BE54-9A1E7A4F7556}") = "AdventOfCode.Year2015.Tests", "tests\AdventOfCode.Year2015.Tests\AdventOfCode.Year2015.Tests.csproj", "{116ABC69-EE6B-480A-B2D4-83873C7061A8}"
EndProject
Project("{2150E333-8FDC-42A3-9474-1A3956D46DE8}") = "Solution Items", "Solution Items", "{0DD4A664-01FD-477E-9DE9-C19F3BBEF1D2}"
	ProjectSection(SolutionItems) = preProject
		.editorconfig = .editorconfig
		Directory.Build.props = Directory.Build.props
		Directory.Packages.props = Directory.Packages.props
		NuGet.Config = NuGet.Config
	EndProjectSection
EndProject
Project("{9A19103F-16F7-4668-BE54-9A1E7A4F7556}") = "AdventOfCode.Shared.Tests", "tests\AdventOfCode.Shared.Tests\AdventOfCode.Shared.Tests.csproj", "{53FC9206-FA5A-4B4C-8E81-0CE9FE021B8E}"
EndProject
Project("{2150E333-8FDC-42A3-9474-1A3956D46DE8}") = "Events", "Events", "{C05E84FE-470D-4AB6-8BED-89AE46E3A942}"
EndProject
Project("{2150E333-8FDC-42A3-9474-1A3956D46DE8}") = "Events", "Events", "{DBAB2D89-876F-4F20-8366-B47DCA168519}"
EndProject
Project("{9A19103F-16F7-4668-BE54-9A1E7A4F7556}") = "AdventOfCode.Year2022", "source\AdventOfCode.Year2022\AdventOfCode.Year2022.csproj", "{93DA04D8-D773-4032-9C20-E0AD196C790E}"
EndProject
Project("{9A19103F-16F7-4668-BE54-9A1E7A4F7556}") = "AdventOfCode.Year2022.Tests", "tests\AdventOfCode.Year2022.Tests\AdventOfCode.Year2022.Tests.csproj", "{5BD95BDC-1A63-467E-B7A5-6E194933B962}"
EndProject
Project("{9A19103F-16F7-4668-BE54-9A1E7A4F7556}") = "AdventOfCode.Year2020", "source\AdventOfCode.Year2020\AdventOfCode.Year2020.csproj", "{24456785-2D68-465F-9B32-E6E56C052B17}"
EndProject
Project("{9A19103F-16F7-4668-BE54-9A1E7A4F7556}") = "AdventOfCode.Year2020.Tests", "tests\AdventOfCode.Year2020.Tests\AdventOfCode.Year2020.Tests.csproj", "{B11E25C5-03FC-48AA-B7BF-F62984385B76}"
EndProject
Project("{FAE04EC0-301F-11D3-BF4B-00C04F79EFBC}") = "AdventOfCode.Year2016", "source\AdventOfCode.Year2016\AdventOfCode.Year2016.csproj", "{E095CE40-63BB-4EFB-B5AD-ACC7B9C7B20F}"
EndProject
Project("{FAE04EC0-301F-11D3-BF4B-00C04F79EFBC}") = "AdventOfCode.Year2016.Tests", "tests\AdventOfCode.Year2016.Tests\AdventOfCode.Year2016.Tests.csproj", "{BDE670C3-9316-46CC-B306-D65D8F26AA39}"
EndProject
Project("{FAE04EC0-301F-11D3-BF4B-00C04F79EFBC}") = "AdventOfCode.Year2023", "source\AdventOfCode.Year2023\AdventOfCode.Year2023.csproj", "{9695BDA9-7A77-42E2-8CF9-6CA7CFCA9639}"
EndProject
Project("{FAE04EC0-301F-11D3-BF4B-00C04F79EFBC}") = "AdventOfCode.Year2023.Tests", "tests\AdventOfCode.Year2023.Tests\AdventOfCode.Year2023.Tests.csproj", "{D9026F24-E112-4BE1-8371-3C038607BB3D}"
EndProject
Global
	GlobalSection(SolutionConfigurationPlatforms) = preSolution
		Debug|Any CPU = Debug|Any CPU
		Release|Any CPU = Release|Any CPU
	EndGlobalSection
	GlobalSection(ProjectConfigurationPlatforms) = postSolution
		{5D8AC52A-BB51-4350-A2F0-B1B2041076E0}.Debug|Any CPU.ActiveCfg = Debug|Any CPU
		{5D8AC52A-BB51-4350-A2F0-B1B2041076E0}.Debug|Any CPU.Build.0 = Debug|Any CPU
		{5D8AC52A-BB51-4350-A2F0-B1B2041076E0}.Release|Any CPU.ActiveCfg = Release|Any CPU
		{5D8AC52A-BB51-4350-A2F0-B1B2041076E0}.Release|Any CPU.Build.0 = Release|Any CPU
		{B232FAFB-322E-46C0-A369-315635E15142}.Debug|Any CPU.ActiveCfg = Debug|Any CPU
		{B232FAFB-322E-46C0-A369-315635E15142}.Debug|Any CPU.Build.0 = Debug|Any CPU
		{B232FAFB-322E-46C0-A369-315635E15142}.Release|Any CPU.ActiveCfg = Release|Any CPU
		{B232FAFB-322E-46C0-A369-315635E15142}.Release|Any CPU.Build.0 = Release|Any CPU
		{B2EB3B74-B4DC-4570-A9F9-B1BCB3F5E90D}.Debug|Any CPU.ActiveCfg = Debug|Any CPU
		{B2EB3B74-B4DC-4570-A9F9-B1BCB3F5E90D}.Debug|Any CPU.Build.0 = Debug|Any CPU
		{B2EB3B74-B4DC-4570-A9F9-B1BCB3F5E90D}.Release|Any CPU.ActiveCfg = Release|Any CPU
		{B2EB3B74-B4DC-4570-A9F9-B1BCB3F5E90D}.Release|Any CPU.Build.0 = Release|Any CPU
		{116ABC69-EE6B-480A-B2D4-83873C7061A8}.Debug|Any CPU.ActiveCfg = Debug|Any CPU
		{116ABC69-EE6B-480A-B2D4-83873C7061A8}.Debug|Any CPU.Build.0 = Debug|Any CPU
		{116ABC69-EE6B-480A-B2D4-83873C7061A8}.Release|Any CPU.ActiveCfg = Release|Any CPU
		{116ABC69-EE6B-480A-B2D4-83873C7061A8}.Release|Any CPU.Build.0 = Release|Any CPU
		{53FC9206-FA5A-4B4C-8E81-0CE9FE021B8E}.Debug|Any CPU.ActiveCfg = Debug|Any CPU
		{53FC9206-FA5A-4B4C-8E81-0CE9FE021B8E}.Debug|Any CPU.Build.0 = Debug|Any CPU
		{53FC9206-FA5A-4B4C-8E81-0CE9FE021B8E}.Release|Any CPU.ActiveCfg = Release|Any CPU
		{53FC9206-FA5A-4B4C-8E81-0CE9FE021B8E}.Release|Any CPU.Build.0 = Release|Any CPU
		{93DA04D8-D773-4032-9C20-E0AD196C790E}.Debug|Any CPU.ActiveCfg = Debug|Any CPU
		{93DA04D8-D773-4032-9C20-E0AD196C790E}.Debug|Any CPU.Build.0 = Debug|Any CPU
		{93DA04D8-D773-4032-9C20-E0AD196C790E}.Release|Any CPU.ActiveCfg = Release|Any CPU
		{93DA04D8-D773-4032-9C20-E0AD196C790E}.Release|Any CPU.Build.0 = Release|Any CPU
		{5BD95BDC-1A63-467E-B7A5-6E194933B962}.Debug|Any CPU.ActiveCfg = Debug|Any CPU
		{5BD95BDC-1A63-467E-B7A5-6E194933B962}.Debug|Any CPU.Build.0 = Debug|Any CPU
		{5BD95BDC-1A63-467E-B7A5-6E194933B962}.Release|Any CPU.ActiveCfg = Release|Any CPU
		{5BD95BDC-1A63-467E-B7A5-6E194933B962}.Release|Any CPU.Build.0 = Release|Any CPU
		{24456785-2D68-465F-9B32-E6E56C052B17}.Debug|Any CPU.ActiveCfg = Debug|Any CPU
		{24456785-2D68-465F-9B32-E6E56C052B17}.Debug|Any CPU.Build.0 = Debug|Any CPU
		{24456785-2D68-465F-9B32-E6E56C052B17}.Release|Any CPU.ActiveCfg = Release|Any CPU
		{24456785-2D68-465F-9B32-E6E56C052B17}.Release|Any CPU.Build.0 = Release|Any CPU
		{B11E25C5-03FC-48AA-B7BF-F62984385B76}.Debug|Any CPU.ActiveCfg = Debug|Any CPU
		{B11E25C5-03FC-48AA-B7BF-F62984385B76}.Debug|Any CPU.Build.0 = Debug|Any CPU
		{B11E25C5-03FC-48AA-B7BF-F62984385B76}.Release|Any CPU.ActiveCfg = Release|Any CPU
		{B11E25C5-03FC-48AA-B7BF-F62984385B76}.Release|Any CPU.Build.0 = Release|Any CPU
		{E095CE40-63BB-4EFB-B5AD-ACC7B9C7B20F}.Debug|Any CPU.ActiveCfg = Debug|Any CPU
		{E095CE40-63BB-4EFB-B5AD-ACC7B9C7B20F}.Debug|Any CPU.Build.0 = Debug|Any CPU
		{E095CE40-63BB-4EFB-B5AD-ACC7B9C7B20F}.Release|Any CPU.ActiveCfg = Release|Any CPU
		{E095CE40-63BB-4EFB-B5AD-ACC7B9C7B20F}.Release|Any CPU.Build.0 = Release|Any CPU
		{BDE670C3-9316-46CC-B306-D65D8F26AA39}.Debug|Any CPU.ActiveCfg = Debug|Any CPU
		{BDE670C3-9316-46CC-B306-D65D8F26AA39}.Debug|Any CPU.Build.0 = Debug|Any CPU
		{BDE670C3-9316-46CC-B306-D65D8F26AA39}.Release|Any CPU.ActiveCfg = Release|Any CPU
		{BDE670C3-9316-46CC-B306-D65D8F26AA39}.Release|Any CPU.Build.0 = Release|Any CPU
		{9695BDA9-7A77-42E2-8CF9-6CA7CFCA9639}.Debug|Any CPU.ActiveCfg = Debug|Any CPU
		{9695BDA9-7A77-42E2-8CF9-6CA7CFCA9639}.Debug|Any CPU.Build.0 = Debug|Any CPU
		{9695BDA9-7A77-42E2-8CF9-6CA7CFCA9639}.Release|Any CPU.ActiveCfg = Release|Any CPU
		{9695BDA9-7A77-42E2-8CF9-6CA7CFCA9639}.Release|Any CPU.Build.0 = Release|Any CPU
		{D9026F24-E112-4BE1-8371-3C038607BB3D}.Debug|Any CPU.ActiveCfg = Debug|Any CPU
		{D9026F24-E112-4BE1-8371-3C038607BB3D}.Debug|Any CPU.Build.0 = Debug|Any CPU
		{D9026F24-E112-4BE1-8371-3C038607BB3D}.Release|Any CPU.ActiveCfg = Release|Any CPU
		{D9026F24-E112-4BE1-8371-3C038607BB3D}.Release|Any CPU.Build.0 = Release|Any CPU
	EndGlobalSection
	GlobalSection(SolutionProperties) = preSolution
		HideSolutionNode = FALSE
	EndGlobalSection
	GlobalSection(NestedProjects) = preSolution
		{B2EB3B74-B4DC-4570-A9F9-B1BCB3F5E90D} = {C05E84FE-470D-4AB6-8BED-89AE46E3A942}
		{116ABC69-EE6B-480A-B2D4-83873C7061A8} = {DBAB2D89-876F-4F20-8366-B47DCA168519}
		{53FC9206-FA5A-4B4C-8E81-0CE9FE021B8E} = {2573ECE4-3D36-4424-B69B-34038BBF688B}
		{DBAB2D89-876F-4F20-8366-B47DCA168519} = {2573ECE4-3D36-4424-B69B-34038BBF688B}
		{93DA04D8-D773-4032-9C20-E0AD196C790E} = {C05E84FE-470D-4AB6-8BED-89AE46E3A942}
		{5BD95BDC-1A63-467E-B7A5-6E194933B962} = {DBAB2D89-876F-4F20-8366-B47DCA168519}
		{24456785-2D68-465F-9B32-E6E56C052B17} = {C05E84FE-470D-4AB6-8BED-89AE46E3A942}
		{B11E25C5-03FC-48AA-B7BF-F62984385B76} = {DBAB2D89-876F-4F20-8366-B47DCA168519}
		{E095CE40-63BB-4EFB-B5AD-ACC7B9C7B20F} = {C05E84FE-470D-4AB6-8BED-89AE46E3A942}
		{BDE670C3-9316-46CC-B306-D65D8F26AA39} = {DBAB2D89-876F-4F20-8366-B47DCA168519}
		{9695BDA9-7A77-42E2-8CF9-6CA7CFCA9639} = {C05E84FE-470D-4AB6-8BED-89AE46E3A942}
		{D9026F24-E112-4BE1-8371-3C038607BB3D} = {DBAB2D89-876F-4F20-8366-B47DCA168519}
	EndGlobalSection
	GlobalSection(ExtensibilityGlobals) = postSolution
		SolutionGuid = {7E90FE4B-5F43-4D51-8CD4-6C89F2FE5504}
	EndGlobalSection
EndGlobal
